uuid: 9fd187a9-7660-4bc9-bc3f-4f706dc4c5a4
langcode: en
status: true
dependencies:
  content:
    - 'block_content:basic:1a68a092-6559-4225-8ec8-1d7aed9f54f7'
  module:
    - block_content
    - system
  theme:
    - duskyridges_o_
id: frontpagecustomtitleblock
theme: duskyridges_o_
region: content
weight: -10
provider: null
plugin: 'block_content:1a68a092-6559-4225-8ec8-1d7aed9f54f7'
settings:
  id: 'block_content:1a68a092-6559-4225-8ec8-1d7aed9f54f7'
  label: 'Front page custom title block'
  provider: block_content
  label_display: '0'
  status: true
  info: ''
  view_mode: full
visibility:
  request_path:
    id: request_path
    pages: '<front>'
    negate: false
    context_mapping: {  }
